// !$*UTF8*$!
{
	archiveVersion = 1;
	classes = {
	};
	objectVersion = 50;
	objects = {

/* Begin PBXBuildFile section */
		CEBF8DC525BB8C1000134352 /* AppDelegate.swift in Sources */ = {isa = PBXBuildFile; fileRef = CEBF8DC425BB8C1000134352 /* AppDelegate.swift */; };
		CEBF8DC725BB8C1000134352 /* SceneDelegate.swift in Sources */ = {isa = PBXBuildFile; fileRef = CEBF8DC625BB8C1000134352 /* SceneDelegate.swift */; };
		CEBF8DC925BB8C1000134352 /* ViewController.swift in Sources */ = {isa = PBXBuildFile; fileRef = CEBF8DC825BB8C1000134352 /* ViewController.swift */; };
		CEBF8DCC25BB8C1000134352 /* Main.storyboard in Resources */ = {isa = PBXBuildFile; fileRef = CEBF8DCA25BB8C1000134352 /* Main.storyboard */; };
		CEBF8DCE25BB8C1200134352 /* Assets.xcassets in Resources */ = {isa = PBXBuildFile; fileRef = CEBF8DCD25BB8C1200134352 /* Assets.xcassets */; };
		CEBF8DD125BB8C1200134352 /* LaunchScreen.storyboard in Resources */ = {isa = PBXBuildFile; fileRef = CEBF8DCF25BB8C1200134352 /* LaunchScreen.storyboard */; };
		CEBF8DDC25BB8C1200134352 /* FirstKadaiAppTests.swift in Sources */ = {isa = PBXBuildFile; fileRef = CEBF8DDB25BB8C1200134352 /* FirstKadaiAppTests.swift */; };
		CEBF8DE725BB8C1200134352 /* FirstKadaiAppUITests.swift in Sources */ = {isa = PBXBuildFile; fileRef = CEBF8DE625BB8C1200134352 /* FirstKadaiAppUITests.swift */; };
/* End PBXBuildFile section */

/* Begin PBXContainerItemProxy section */
		CEBF8DD825BB8C1200134352 /* PBXContainerItemProxy */ = {
			isa = PBXContainerItemProxy;
			containerPortal = CEBF8DB925BB8C1000134352 /* Project object */;
			proxyType = 1;
			remoteGlobalIDString = CEBF8DC025BB8C1000134352;
			remoteInfo = FirstKadaiApp;
		};
		CEBF8DE325BB8C1200134352 /* PBXContainerItemProxy */ = {
			isa = PBXContainerItemProxy;
			containerPortal = CEBF8DB925BB8C1000134352 /* Project object */;
			proxyType = 1;
			remoteGlobalIDString = CEBF8DC025BB8C1000134352;
			remoteInfo = FirstKadaiApp;
		};
/* End PBXContainerItemProxy section */

/* Begin PBXFileReference section */
		CEBF8DC125BB8C1000134352 /* FirstKadaiApp.app */ = {isa = PBXFileReference; explicitFileType = wrapper.application; includeInIndex = 0; path = FirstKadaiApp.app; sourceTree = BUILT_PRODUCTS_DIR; };
		CEBF8DC425BB8C1000134352 /* AppDelegate.swift */ = {isa = PBXFileReference; lastKnownFileType = sourcecode.swift; path = AppDelegate.swift; sourceTree = "<group>"; };
		CEBF8DC625BB8C1000134352 /* SceneDelegate.swift */ = {isa = PBXFileReference; lastKnownFileType = sourcecode.swift; path = SceneDelegate.swift; sourceTree = "<group>"; };
		CEBF8DC825BB8C1000134352 /* ViewController.swift */ = {isa = PBXFileReference; lastKnownFileType = sourcecode.swift; path = ViewController.swift; sourceTree = "<group>"; };
		CEBF8DCB25BB8C1000134352 /* Base */ = {isa = PBXFileReference; lastKnownFileType = file.storyboard; name = Base; path = Base.lproj/Main.storyboard; sourceTree = "<group>"; };
		CEBF8DCD25BB8C1200134352 /* Assets.xcassets */ = {isa = PBXFileReference; lastKnownFileType = folder.assetcatalog; path = Assets.xcassets; sourceTree = "<group>"; };
		CEBF8DD025BB8C1200134352 /* Base */ = {isa = PBXFileReference; lastKnownFileType = file.storyboard; name = Base; path = Base.lproj/LaunchScreen.storyboard; sourceTree = "<group>"; };
		CEBF8DD225BB8C1200134352 /* Info.plist */ = {isa = PBXFileReference; lastKnownFileType = text.plist.xml; path = Info.plist; sourceTree = "<group>"; };
		CEBF8DD725BB8C1200134352 /* FirstKadaiAppTests.xctest */ = {isa = PBXFileReference; explicitFileType = wrapper.cfbundle; includeInIndex = 0; path = FirstKadaiAppTests.xctest; sourceTree = BUILT_PRODUCTS_DIR; };
		CEBF8DDB25BB8C1200134352 /* FirstKadaiAppTests.swift */ = {isa = PBXFileReference; lastKnownFileType = sourcecode.swift; path = FirstKadaiAppTests.swift; sourceTree = "<group>"; };
		CEBF8DDD25BB8C1200134352 /* Info.plist */ = {isa = PBXFileReference; lastKnownFileType = text.plist.xml; path = Info.plist; sourceTree = "<group>"; };
		CEBF8DE225BB8C1200134352 /* FirstKadaiAppUITests.xctest */ = {isa = PBXFileReference; explicitFileType = wrapper.cfbundle; includeInIndex = 0; path = FirstKadaiAppUITests.xctest; sourceTree = BUILT_PRODUCTS_DIR; };
		CEBF8DE625BB8C1200134352 /* FirstKadaiAppUITests.swift */ = {isa = PBXFileReference; lastKnownFileType = sourcecode.swift; path = FirstKadaiAppUITests.swift; sourceTree = "<group>"; };
		CEBF8DE825BB8C1200134352 /* Info.plist */ = {isa = PBXFileReference; lastKnownFileType = text.plist.xml; path = Info.plist; sourceTree = "<group>"; };
/* End PBXFileReference section */

/* Begin PBXFrameworksBuildPhase section */
		CEBF8DBE25BB8C1000134352 /* Frameworks */ = {
			isa = PBXFrameworksBuildPhase;
			buildActionMask = 2147483647;
			files = (
			);
			runOnlyForDeploymentPostprocessing = 0;
		};
		CEBF8DD425BB8C1200134352 /* Frameworks */ = {
			isa = PBXFrameworksBuildPhase;
			buildActionMask = 2147483647;
			files = (
			);
			runOnlyForDeploymentPostprocessing = 0;
		};
		CEBF8DDF25BB8C1200134352 /* Frameworks */ = {
			isa = PBXFrameworksBuildPhase;
			buildActionMask = 2147483647;
			files = (
			);
			runOnlyForDeploymentPostprocessing = 0;
		};
/* End PBXFrameworksBuildPhase section */

/* Begin PBXGroup section */
		CEBF8DB825BB8C1000134352 = {
			isa = PBXGroup;
			children = (
				CEBF8DC325BB8C1000134352 /* FirstKadaiApp */,
				CEBF8DDA25BB8C1200134352 /* FirstKadaiAppTests */,
				CEBF8DE525BB8C1200134352 /* FirstKadaiAppUITests */,
				CEBF8DC225BB8C1000134352 /* Products */,
			);
			sourceTree = "<group>";
		};
		CEBF8DC225BB8C1000134352 /* Products */ = {
			isa = PBXGroup;
			children = (
				CEBF8DC125BB8C1000134352 /* FirstKadaiApp.app */,
				CEBF8DD725BB8C1200134352 /* FirstKadaiAppTests.xctest */,
				CEBF8DE225BB8C1200134352 /* FirstKadaiAppUITests.xctest */,
			);
			name = Products;
			sourceTree = "<group>";
		};
		CEBF8DC325BB8C1000134352 /* FirstKadaiApp */ = {
			isa = PBXGroup;
			children = (
				CEBF8DC425BB8C1000134352 /* AppDelegate.swift */,
				CEBF8DC625BB8C1000134352 /* SceneDelegate.swift */,
				CEBF8DC825BB8C1000134352 /* ViewController.swift */,
				CEBF8DCA25BB8C1000134352 /* Main.storyboard */,
				CEBF8DCD25BB8C1200134352 /* Assets.xcassets */,
				CEBF8DCF25BB8C1200134352 /* LaunchScreen.storyboard */,
				CEBF8DD225BB8C1200134352 /* Info.plist */,
			);
			path = FirstKadaiApp;
			sourceTree = "<group>";
		};
		CEBF8DDA25BB8C1200134352 /* FirstKadaiAppTests */ = {
			isa = PBXGroup;
			children = (
				CEBF8DDB25BB8C1200134352 /* FirstKadaiAppTests.swift */,
				CEBF8DDD25BB8C1200134352 /* Info.plist */,
			);
			path = FirstKadaiAppTests;
			sourceTree = "<group>";
		};
		CEBF8DE525BB8C1200134352 /* FirstKadaiAppUITests */ = {
			isa = PBXGroup;
			children = (
				CEBF8DE625BB8C1200134352 /* FirstKadaiAppUITests.swift */,
				CEBF8DE825BB8C1200134352 /* Info.plist */,
			);
			path = FirstKadaiAppUITests;
			sourceTree = "<group>";
		};
/* End PBXGroup section */

/* Begin PBXNativeTarget section */
		CEBF8DC025BB8C1000134352 /* FirstKadaiApp */ = {
			isa = PBXNativeTarget;
			buildConfigurationList = CEBF8DEB25BB8C1200134352 /* Build configuration list for PBXNativeTarget "FirstKadaiApp" */;
			buildPhases = (
				CEBF8DBD25BB8C1000134352 /* Sources */,
				CEBF8DBE25BB8C1000134352 /* Frameworks */,
				CEBF8DBF25BB8C1000134352 /* Resources */,
			);
			buildRules = (
			);
			dependencies = (
			);
			name = FirstKadaiApp;
			productName = FirstKadaiApp;
			productReference = CEBF8DC125BB8C1000134352 /* FirstKadaiApp.app */;
			productType = "com.apple.product-type.application";
		};
		CEBF8DD625BB8C1200134352 /* FirstKadaiAppTests */ = {
			isa = PBXNativeTarget;
			buildConfigurationList = CEBF8DEE25BB8C1200134352 /* Build configuration list for PBXNativeTarget "FirstKadaiAppTests" */;
			buildPhases = (
				CEBF8DD325BB8C1200134352 /* Sources */,
				CEBF8DD425BB8C1200134352 /* Frameworks */,
				CEBF8DD525BB8C1200134352 /* Resources */,
			);
			buildRules = (
			);
			dependencies = (
				CEBF8DD925BB8C1200134352 /* PBXTargetDependency */,
			);
			name = FirstKadaiAppTests;
			productName = FirstKadaiAppTests;
			productReference = CEBF8DD725BB8C1200134352 /* FirstKadaiAppTests.xctest */;
			productType = "com.apple.product-type.bundle.unit-test";
		};
		CEBF8DE125BB8C1200134352 /* FirstKadaiAppUITests */ = {
			isa = PBXNativeTarget;
			buildConfigurationList = CEBF8DF125BB8C1200134352 /* Build configuration list for PBXNativeTarget "FirstKadaiAppUITests" */;
			buildPhases = (
				CEBF8DDE25BB8C1200134352 /* Sources */,
				CEBF8DDF25BB8C1200134352 /* Frameworks */,
				CEBF8DE025BB8C1200134352 /* Resources */,
			);
			buildRules = (
			);
			dependencies = (
				CEBF8DE425BB8C1200134352 /* PBXTargetDependency */,
			);
			name = FirstKadaiAppUITests;
			productName = FirstKadaiAppUITests;
			productReference = CEBF8DE225BB8C1200134352 /* FirstKadaiAppUITests.xctest */;
			productType = "com.apple.product-type.bundle.ui-testing";
		};
/* End PBXNativeTarget section */

/* Begin PBXProject section */
		CEBF8DB925BB8C1000134352 /* Project object */ = {
			isa = PBXProject;
			attributes = {
				LastSwiftUpdateCheck = 1150;
				LastUpgradeCheck = 1150;
				ORGANIZATIONNAME = kazuki.shinoda;
				TargetAttributes = {
					CEBF8DC025BB8C1000134352 = {
						CreatedOnToolsVersion = 11.5;
					};
					CEBF8DD625BB8C1200134352 = {
						CreatedOnToolsVersion = 11.5;
						TestTargetID = CEBF8DC025BB8C1000134352;
					};
					CEBF8DE125BB8C1200134352 = {
						CreatedOnToolsVersion = 11.5;
						TestTargetID = CEBF8DC025BB8C1000134352;
					};
				};
			};
			buildConfigurationList = CEBF8DBC25BB8C1000134352 /* Build configuration list for PBXProject "FirstKadaiApp" */;
			compatibilityVersion = "Xcode 9.3";
			developmentRegion = en;
			hasScannedForEncodings = 0;
			knownRegions = (
				en,
				Base,
			);
			mainGroup = CEBF8DB825BB8C1000134352;
			productRefGroup = CEBF8DC225BB8C1000134352 /* Products */;
			projectDirPath = "";
			projectRoot = "";
			targets = (
				CEBF8DC025BB8C1000134352 /* FirstKadaiApp */,
				CEBF8DD625BB8C1200134352 /* FirstKadaiAppTests */,
				CEBF8DE125BB8C1200134352 /* FirstKadaiAppUITests */,
			);
		};
/* End PBXProject section */

/* Begin PBXResourcesBuildPhase section */
		CEBF8DBF25BB8C1000134352 /* Resources */ = {
			isa = PBXResourcesBuildPhase;
			buildActionMask = 2147483647;
			files = (
				CEBF8DD125BB8C1200134352 /* LaunchScreen.storyboard in Resources */,
				CEBF8DCE25BB8C1200134352 /* Assets.xcassets in Resources */,
				CEBF8DCC25BB8C1000134352 /* Main.storyboard in Resources */,
			);
			runOnlyForDeploymentPostprocessing = 0;
		};
		CEBF8DD525BB8C1200134352 /* Resources */ = {
			isa = PBXResourcesBuildPhase;
			buildActionMask = 2147483647;
			files = (
			);
			runOnlyForDeploymentPostprocessing = 0;
		};
		CEBF8DE025BB8C1200134352 /* Resources */ = {
			isa = PBXResourcesBuildPhase;
			buildActionMask = 2147483647;
			files = (
			);
			runOnlyForDeploymentPostprocessing = 0;
		};
/* End PBXResourcesBuildPhase section */

/* Begin PBXSourcesBuildPhase section */
		CEBF8DBD25BB8C1000134352 /* Sources */ = {
			isa = PBXSourcesBuildPhase;
			buildActionMask = 2147483647;
			files = (
				CEBF8DC925BB8C1000134352 /* ViewController.swift in Sources */,
				CEBF8DC525BB8C1000134352 /* AppDelegate.swift in Sources */,
				CEBF8DC725BB8C1000134352 /* SceneDelegate.swift in Sources */,
			);
			runOnlyForDeploymentPostprocessing = 0;
		};
		CEBF8DD325BB8C1200134352 /* Sources */ = {
			isa = PBXSourcesBuildPhase;
			buildActionMask = 2147483647;
			files = (
				CEBF8DDC25BB8C1200134352 /* FirstKadaiAppTests.swift in Sources */,
			);
			runOnlyForDeploymentPostprocessing = 0;
		};
		CEBF8DDE25BB8C1200134352 /* Sources */ = {
			isa = PBXSourcesBuildPhase;
			buildActionMask = 2147483647;
			files = (
				CEBF8DE725BB8C1200134352 /* FirstKadaiAppUITests.swift in Sources */,
			);
			runOnlyForDeploymentPostprocessing = 0;
		};
/* End PBXSourcesBuildPhase section */

/* Begin PBXTargetDependency section */
		CEBF8DD925BB8C1200134352 /* PBXTargetDependency */ = {
			isa = PBXTargetDependency;
			target = CEBF8DC025BB8C1000134352 /* FirstKadaiApp */;
			targetProxy = CEBF8DD825BB8C1200134352 /* PBXContainerItemProxy */;
		};
		CEBF8DE425BB8C1200134352 /* PBXTargetDependency */ = {
			isa = PBXTargetDependency;
			target = CEBF8DC025BB8C1000134352 /* FirstKadaiApp */;
			targetProxy = CEBF8DE325BB8C1200134352 /* PBXContainerItemProxy */;
		};
/* End PBXTargetDependency section */

/* Begin PBXVariantGroup section */
		CEBF8DCA25BB8C1000134352 /* Main.storyboard */ = {
			isa = PBXVariantGroup;
			children = (
				CEBF8DCB25BB8C1000134352 /* Base */,
			);
			name = Main.storyboard;
			sourceTree = "<group>";
		};
		CEBF8DCF25BB8C1200134352 /* LaunchScreen.storyboard */ = {
			isa = PBXVariantGroup;
			children = (
				CEBF8DD025BB8C1200134352 /* Base */,
			);
			name = LaunchScreen.storyboard;
			sourceTree = "<group>";
		};
/* End PBXVariantGroup section */

/* Begin XCBuildConfiguration section */
		CEBF8DE925BB8C1200134352 /* Debug */ = {
			isa = XCBuildConfiguration;
			buildSettings = {
				ALWAYS_SEARCH_USER_PATHS = NO;
				CLANG_ANALYZER_NONNULL = YES;
				CLANG_ANALYZER_NUMBER_OBJECT_CONVERSION = YES_AGGRESSIVE;
				CLANG_CXX_LANGUAGE_STANDARD = "gnu++14";
				CLANG_CXX_LIBRARY = "libc++";
				CLANG_ENABLE_MODULES = YES;
				CLANG_ENABLE_OBJC_ARC = YES;
				CLANG_ENABLE_OBJC_WEAK = YES;
				CLANG_WARN_BLOCK_CAPTURE_AUTORELEASING = YES;
				CLANG_WARN_BOOL_CONVERSION = YES;
				CLANG_WARN_COMMA = YES;
				CLANG_WARN_CONSTANT_CONVERSION = YES;
				CLANG_WARN_DEPRECATED_OBJC_IMPLEMENTATIONS = YES;
				CLANG_WARN_DIRECT_OBJC_ISA_USAGE = YES_ERROR;
				CLANG_WARN_DOCUMENTATION_COMMENTS = YES;
				CLANG_WARN_EMPTY_BODY = YES;
				CLANG_WARN_ENUM_CONVERSION = YES;
				CLANG_WARN_INFINITE_RECURSION = YES;
				CLANG_WARN_INT_CONVERSION = YES;
				CLANG_WARN_NON_LITERAL_NULL_CONVERSION = YES;
				CLANG_WARN_OBJC_IMPLICIT_RETAIN_SELF = YES;
				CLANG_WARN_OBJC_LITERAL_CONVERSION = YES;
				CLANG_WARN_OBJC_ROOT_CLASS = YES_ERROR;
				CLANG_WARN_RANGE_LOOP_ANALYSIS = YES;
				CLANG_WARN_STRICT_PROTOTYPES = YES;
				CLANG_WARN_SUSPICIOUS_MOVE = YES;
				CLANG_WARN_UNGUARDED_AVAILABILITY = YES_AGGRESSIVE;
				CLANG_WARN_UNREACHABLE_CODE = YES;
				CLANG_WARN__DUPLICATE_METHOD_MATCH = YES;
				COPY_PHASE_STRIP = NO;
				DEBUG_INFORMATION_FORMAT = dwarf;
				ENABLE_STRICT_OBJC_MSGSEND = YES;
				ENABLE_TESTABILITY = YES;
				GCC_C_LANGUAGE_STANDARD = gnu11;
				GCC_DYNAMIC_NO_PIC = NO;
				GCC_NO_COMMON_BLOCKS = YES;
				GCC_OPTIMIZATION_LEVEL = 0;
				GCC_PREPROCESSOR_DEFINITIONS = (
					"DEBUG=1",
					"$(inherited)",
				);
				GCC_WARN_64_TO_32_BIT_CONVERSION = YES;
				GCC_WARN_ABOUT_RETURN_TYPE = YES_ERROR;
				GCC_WARN_UNDECLARED_SELECTOR = YES;
				GCC_WARN_UNINITIALIZED_AUTOS = YES_AGGRESSIVE;
				GCC_WARN_UNUSED_FUNCTION = YES;
				GCC_WARN_UNUSED_VARIABLE = YES;
				IPHONEOS_DEPLOYMENT_TARGET = 13.5;
				MTL_ENABLE_DEBUG_INFO = INCLUDE_SOURCE;
				MTL_FAST_MATH = YES;
				ONLY_ACTIVE_ARCH = YES;
				SDKROOT = iphoneos;
				SWIFT_ACTIVE_COMPILATION_CONDITIONS = DEBUG;
				SWIFT_OPTIMIZATION_LEVEL = "-Onone";
			};
			name = Debug;
		};
		CEBF8DEA25BB8C1200134352 /* Release */ = {
			isa = XCBuildConfiguration;
			buildSettings = {
				ALWAYS_SEARCH_USER_PATHS = NO;
				CLANG_ANALYZER_NONNULL = YES;
				CLANG_ANALYZER_NUMBER_OBJECT_CONVERSION = YES_AGGRESSIVE;
				CLANG_CXX_LANGUAGE_STANDARD = "gnu++14";
				CLANG_CXX_LIBRARY = "libc++";
				CLANG_ENABLE_MODULES = YES;
				CLANG_ENABLE_OBJC_ARC = YES;
				CLANG_ENABLE_OBJC_WEAK = YES;
				CLANG_WARN_BLOCK_CAPTURE_AUTORELEASING = YES;
				CLANG_WARN_BOOL_CONVERSION = YES;
				CLANG_WARN_COMMA = YES;
				CLANG_WARN_CONSTANT_CONVERSION = YES;
				CLANG_WARN_DEPRECATED_OBJC_IMPLEMENTATIONS = YES;
				CLANG_WARN_DIRECT_OBJC_ISA_USAGE = YES_ERROR;
				CLANG_WARN_DOCUMENTATION_COMMENTS = YES;
				CLANG_WARN_EMPTY_BODY = YES;
				CLANG_WARN_ENUM_CONVERSION = YES;
				CLANG_WARN_INFINITE_RECURSION = YES;
				CLANG_WARN_INT_CONVERSION = YES;
				CLANG_WARN_NON_LITERAL_NULL_CONVERSION = YES;
				CLANG_WARN_OBJC_IMPLICIT_RETAIN_SELF = YES;
				CLANG_WARN_OBJC_LITERAL_CONVERSION = YES;
				CLANG_WARN_OBJC_ROOT_CLASS = YES_ERROR;
				CLANG_WARN_RANGE_LOOP_ANALYSIS = YES;
				CLANG_WARN_STRICT_PROTOTYPES = YES;
				CLANG_WARN_SUSPICIOUS_MOVE = YES;
				CLANG_WARN_UNGUARDED_AVAILABILITY = YES_AGGRESSIVE;
				CLANG_WARN_UNREACHABLE_CODE = YES;
				CLANG_WARN__DUPLICATE_METHOD_MATCH = YES;
				COPY_PHASE_STRIP = NO;
				DEBUG_INFORMATION_FORMAT = "dwarf-with-dsym";
				ENABLE_NS_ASSERTIONS = NO;
				ENABLE_STRICT_OBJC_MSGSEND = YES;
				GCC_C_LANGUAGE_STANDARD = gnu11;
				GCC_NO_COMMON_BLOCKS = YES;
				GCC_WARN_64_TO_32_BIT_CONVERSION = YES;
				GCC_WARN_ABOUT_RETURN_TYPE = YES_ERROR;
				GCC_WARN_UNDECLARED_SELECTOR = YES;
				GCC_WARN_UNINITIALIZED_AUTOS = YES_AGGRESSIVE;
				GCC_WARN_UNUSED_FUNCTION = YES;
				GCC_WARN_UNUSED_VARIABLE = YES;
				IPHONEOS_DEPLOYMENT_TARGET = 13.5;
				MTL_ENABLE_DEBUG_INFO = NO;
				MTL_FAST_MATH = YES;
				SDKROOT = iphoneos;
				SWIFT_COMPILATION_MODE = wholemodule;
				SWIFT_OPTIMIZATION_LEVEL = "-O";
				VALIDATE_PRODUCT = YES;
			};
			name = Release;
		};
		CEBF8DEC25BB8C1200134352 /* Debug */ = {
			isa = XCBuildConfiguration;
			buildSettings = {
				ASSETCATALOG_COMPILER_APPICON_NAME = AppIcon;
				CODE_SIGN_STYLE = Automatic;
				INFOPLIST_FILE = FirstKadaiApp/Info.plist;
				LD_RUNPATH_SEARCH_PATHS = (
					"$(inherited)",
					"@executable_path/Frameworks",
				);
				PRODUCT_BUNDLE_IDENTIFIER = jp.techacademy.kazuki.shinoda.FirstKadaiApp;
				PRODUCT_NAME = "$(TARGET_NAME)";
				SWIFT_VERSION = 5.0;
				TARGETED_DEVICE_FAMILY = "1,2";
			};
			name = Debug;
		};
		CEBF8DED25BB8C1200134352 /* Release */ = {
			isa = XCBuildConfiguration;
			buildSettings = {
				ASSETCATALOG_COMPILER_APPICON_NAME = AppIcon;
				CODE_SIGN_STYLE = Automatic;
				INFOPLIST_FILE = FirstKadaiApp/Info.plist;
				LD_RUNPATH_SEARCH_PATHS = (
					"$(inherited)",
					"@executable_path/Frameworks",
				);
				PRODUCT_BUNDLE_IDENTIFIER = jp.techacademy.kazuki.shinoda.FirstKadaiApp;
				PRODUCT_NAME = "$(TARGET_NAME)";
				SWIFT_VERSION = 5.0;
				TARGETED_DEVICE_FAMILY = "1,2";
			};
			name = Release;
		};
		CEBF8DEF25BB8C1200134352 /* Debug */ = {
			isa = XCBuildConfiguration;
			buildSettings = {
				ALWAYS_EMBED_SWIFT_STANDARD_LIBRARIES = YES;
				BUNDLE_LOADER = "$(TEST_HOST)";
				CODE_SIGN_STYLE = Automatic;
				INFOPLIST_FILE = FirstKadaiAppTests/Info.plist;
				IPHONEOS_DEPLOYMENT_TARGET = 13.5;
				LD_RUNPATH_SEARCH_PATHS = (
					"$(inherited)",
					"@executable_path/Frameworks",
					"@loader_path/Frameworks",
				);
				PRODUCT_BUNDLE_IDENTIFIER = jp.techacademy.kazuki.shinoda.FirstKadaiAppTests;
				PRODUCT_NAME = "$(TARGET_NAME)";
				SWIFT_VERSION = 5.0;
				TARGETED_DEVICE_FAMILY = "1,2";
				TEST_HOST = "$(BUILT_PRODUCTS_DIR)/FirstKadaiApp.app/FirstKadaiApp";
			};
			name = Debug;
		};
		CEBF8DF025BB8C1200134352 /* Release */ = {
			isa = XCBuildConfiguration;
			buildSettings = {
				ALWAYS_EMBED_SWIFT_STANDARD_LIBRARIES = YES;
				BUNDLE_LOADER = "$(TEST_HOST)";
				CODE_SIGN_STYLE = Automatic;
				INFOPLIST_FILE = FirstKadaiAppTests/Info.plist;
				IPHONEOS_DEPLOYMENT_TARGET = 13.5;
				LD_RUNPATH_SEARCH_PATHS = (
					"$(inherited)",
					"@executable_path/Frameworks",
					"@loader_path/Frameworks",
				);
				PRODUCT_BUNDLE_IDENTIFIER = jp.techacademy.kazuki.shinoda.FirstKadaiAppTests;
				PRODUCT_NAME = "$(TARGET_NAME)";
				SWIFT_VERSION = 5.0;
				TARGETED_DEVICE_FAMILY = "1,2";
				TEST_HOST = "$(BUILT_PRODUCTS_DIR)/FirstKadaiApp.app/FirstKadaiApp";
			};
			name = Release;
		};
		CEBF8DF225BB8C1200134352 /* Debug */ = {
			isa = XCBuildConfiguration;
			buildSettings = {
				ALWAYS_EMBED_SWIFT_STANDARD_LIBRARIES = YES;
				CODE_SIGN_STYLE = Automatic;
				INFOPLIST_FILE = FirstKadaiAppUITests/Info.plist;
				LD_RUNPATH_SEARCH_PATHS = (
					"$(inherited)",
					"@executable_path/Frameworks",
					"@loader_path/Frameworks",
				);
				PRODUCT_BUNDLE_IDENTIFIER = jp.techacademy.kazuki.shinoda.FirstKadaiAppUITests;
				PRODUCT_NAME = "$(TARGET_NAME)";
				SWIFT_VERSION = 5.0;
				TARGETED_DEVICE_FAMILY = "1,2";
				TEST_TARGET_NAME = FirstKadaiApp;
			};
			name = Debug;
		};
		CEBF8DF325BB8C1200134352 /* Release */ = {
			isa = XCBuildConfiguration;
			buildSettings = {
				ALWAYS_EMBED_SWIFT_STANDARD_LIBRARIES = YES;
				CODE_SIGN_STYLE = Automatic;
				INFOPLIST_FILE = FirstKadaiAppUITests/Info.plist;
				LD_RUNPATH_SEARCH_PATHS = (
					"$(inherited)",
					"@executable_path/Frameworks",
					"@loader_path/Frameworks",
				);
				PRODUCT_BUNDLE_IDENTIFIER = jp.techacademy.kazuki.shinoda.FirstKadaiAppUITests;
				PRODUCT_NAME = "$(TARGET_NAME)";
				SWIFT_VERSION = 5.0;
				TARGETED_DEVICE_FAMILY = "1,2";
				TEST_TARGET_NAME = FirstKadaiApp;
			};
			name = Release;
		};
/* End XCBuildConfiguration section */

/* Begin XCConfigurationList section */
		CEBF8DBC25BB8C1000134352 /* Build configuration list for PBXProject "FirstKadaiApp" */ = {
			isa = XCConfigurationList;
			buildConfigurations = (
				CEBF8DE925BB8C1200134352 /* Debug */,
				CEBF8DEA25BB8C1200134352 /* Release */,
			);
			defaultConfigurationIsVisible = 0;
			defaultConfigurationName = Release;
		};
		CEBF8DEB25BB8C1200134352 /* Build configuration list for PBXNativeTarget "FirstKadaiApp" */ = {
			isa = XCConfigurationList;
			buildConfigurations = (
				CEBF8DEC25BB8C1200134352 /* Debug */,
				CEBF8DED25BB8C1200134352 /* Release */,
			);
			defaultConfigurationIsVisible = 0;
			defaultConfigurationName = Release;
		};
		CEBF8DEE25BB8C1200134352 /* Build configuration list for PBXNativeTarget "FirstKadaiAppTests" */ = {
			isa = XCConfigurationList;
			buildConfigurations = (
				CEBF8DEF25BB8C1200134352 /* Debug */,
				CEBF8DF025BB8C1200134352 /* Release */,
			);
			defaultConfigurationIsVisible = 0;
			defaultConfigurationName = Release;
		};
		CEBF8DF125BB8C1200134352 /* Build configuration list for PBXNativeTarget "FirstKadaiAppUITests" */ = {
			isa = XCConfigurationList;
			buildConfigurations = (
				CEBF8DF225BB8C1200134352 /* Debug */,
				CEBF8DF325BB8C1200134352 /* Release */,
			);
			defaultConfigurationIsVisible = 0;
			defaultConfigurationName = Release;
		};
/* End XCConfigurationList section */
	};
	rootObject = CEBF8DB925BB8C1000134352 /* Project object */;
}
